// !$*UTF8*$!
{
	archiveVersion = 1;
	classes = {
	};
	objectVersion = 51;
	objects = {

/* Begin PBXBuildFile section */
		5B13DFFE25C2D0C100396A7A /* Login.storyboard in Resources */ = {isa = PBXBuildFile; fileRef = 5B13DFFD25C2D0C100396A7A /* Login.storyboard */; };
		5B2B111525DD1B7900D82845 /* SSExtension + UITextField.swift in Sources */ = {isa = PBXBuildFile; fileRef = 5B2B111425DD1B7900D82845 /* SSExtension + UITextField.swift */; };
		5B2B111825DD251400D82845 /* SSExtension + UIButton.swift in Sources */ = {isa = PBXBuildFile; fileRef = 5B2B111725DD251400D82845 /* SSExtension + UIButton.swift */; };
		5B2B111E25DD29F500D82845 /* SSControlArduinoViewController.swift in Sources */ = {isa = PBXBuildFile; fileRef = 5B2B111C25DD29F500D82845 /* SSControlArduinoViewController.swift */; };
		5B2B111F25DD29F500D82845 /* SSControlArduinoViewController.xib in Resources */ = {isa = PBXBuildFile; fileRef = 5B2B111D25DD29F500D82845 /* SSControlArduinoViewController.xib */; };
		5B2B112425DD2C4F00D82845 /* SSArduinoFunctionCollectionViewCell.swift in Sources */ = {isa = PBXBuildFile; fileRef = 5B2B112225DD2C4F00D82845 /* SSArduinoFunctionCollectionViewCell.swift */; };
		5B383D5225D9B2B900167696 /* SSSettingsTableViewCell.swift in Sources */ = {isa = PBXBuildFile; fileRef = 5B383D5025D9B2B900167696 /* SSSettingsTableViewCell.swift */; };
		5B383D5325D9B2B900167696 /* SSSettingsTableViewCell.xib in Resources */ = {isa = PBXBuildFile; fileRef = 5B383D5125D9B2B900167696 /* SSSettingsTableViewCell.xib */; };
		5B383D5825D9CBDF00167696 /* SSSettingsProfileTableViewCell.swift in Sources */ = {isa = PBXBuildFile; fileRef = 5B383D5625D9CBDF00167696 /* SSSettingsProfileTableViewCell.swift */; };
		5B383D5925D9CBDF00167696 /* SSSettingsProfileTableViewCell.xib in Resources */ = {isa = PBXBuildFile; fileRef = 5B383D5725D9CBDF00167696 /* SSSettingsProfileTableViewCell.xib */; };
		5B383D5F25D9D51A00167696 /* SSProfileViewController.swift in Sources */ = {isa = PBXBuildFile; fileRef = 5B383D5D25D9D51A00167696 /* SSProfileViewController.swift */; };
		5B383D6325D9D54500167696 /* Profile.storyboard in Resources */ = {isa = PBXBuildFile; fileRef = 5B383D6225D9D54500167696 /* Profile.storyboard */; };
		5B383D9C25D9F07A00167696 /* SSBottomPopUpAlert.xib in Resources */ = {isa = PBXBuildFile; fileRef = 5B383D9A25D9EFB100167696 /* SSBottomPopUpAlert.xib */; };
		5B62522325DD84D80058C489 /* SSPasscodeViewController.swift in Sources */ = {isa = PBXBuildFile; fileRef = 5B62522225DD84D80058C489 /* SSPasscodeViewController.swift */; };
		5B62718725D82BFE00FE913D /* SSAddArduinoTableViewCell.xib in Resources */ = {isa = PBXBuildFile; fileRef = 5B62718625D82BFE00FE913D /* SSAddArduinoTableViewCell.xib */; };
		5B62718B25D82DEC00FE913D /* SSMainThemeColors.swift in Sources */ = {isa = PBXBuildFile; fileRef = 5B62718A25D82DEC00FE913D /* SSMainThemeColors.swift */; };
		5B835DB025D6D7E000EBEAF3 /* SSSettingsViewController.swift in Sources */ = {isa = PBXBuildFile; fileRef = 5B835DAF25D6D7E000EBEAF3 /* SSSettingsViewController.swift */; };
		5B835DB325D6D7F600EBEAF3 /* Settings.storyboard in Resources */ = {isa = PBXBuildFile; fileRef = 5B835DB225D6D7F600EBEAF3 /* Settings.storyboard */; };
		5B835DB725D6D87200EBEAF3 /* SSAboutUsViewController.swift in Sources */ = {isa = PBXBuildFile; fileRef = 5B835DB625D6D87200EBEAF3 /* SSAboutUsViewController.swift */; };
		5B835DBA25D6D87D00EBEAF3 /* AboutUs.storyboard in Resources */ = {isa = PBXBuildFile; fileRef = 5B835DB925D6D87D00EBEAF3 /* AboutUs.storyboard */; };
		5B835DBD25D6F80200EBEAF3 /* SSExtension + UIViewController.swift in Sources */ = {isa = PBXBuildFile; fileRef = 5B835DBC25D6F80200EBEAF3 /* SSExtension + UIViewController.swift */; };
		5B835DC125D700E500EBEAF3 /* SSExtension + UITableView.swift in Sources */ = {isa = PBXBuildFile; fileRef = 5B835DC025D700E500EBEAF3 /* SSExtension + UITableView.swift */; };
		5B835DC525D7EBFF00EBEAF3 /* SSMainListViewModel.swift in Sources */ = {isa = PBXBuildFile; fileRef = 5B835DC425D7EBFF00EBEAF3 /* SSMainListViewModel.swift */; };
		5B835DC825D7EC4300EBEAF3 /* SSArduinoModel.swift in Sources */ = {isa = PBXBuildFile; fileRef = 5B835DC725D7EC4300EBEAF3 /* SSArduinoModel.swift */; };
		5B835DCD25D7EF7D00EBEAF3 /* SSNetUtil.swift in Sources */ = {isa = PBXBuildFile; fileRef = 5B835DCC25D7EF7D00EBEAF3 /* SSNetUtil.swift */; };
		5B835DD125D7EFF600EBEAF3 /* NetworkError.swift in Sources */ = {isa = PBXBuildFile; fileRef = 5B835DD025D7EFF600EBEAF3 /* NetworkError.swift */; };
		5B8511FC25DC45B400C00035 /* SSLoginViewController.swift in Sources */ = {isa = PBXBuildFile; fileRef = 5B8511FB25DC45B400C00035 /* SSLoginViewController.swift */; };
		5B85120D25DD15EA00C00035 /* SSAddArduinoViewController.swift in Sources */ = {isa = PBXBuildFile; fileRef = 5B85120B25DD15EA00C00035 /* SSAddArduinoViewController.swift */; };
		5B85120E25DD15EA00C00035 /* SSAddArduinoViewController.xib in Resources */ = {isa = PBXBuildFile; fileRef = 5B85120C25DD15EA00C00035 /* SSAddArduinoViewController.xib */; };
		5BBD9A2325B977BF00A191AE /* AppDelegate.swift in Sources */ = {isa = PBXBuildFile; fileRef = 5BBD9A2225B977BF00A191AE /* AppDelegate.swift */; };
		5BBD9A2525B977BF00A191AE /* SceneDelegate.swift in Sources */ = {isa = PBXBuildFile; fileRef = 5BBD9A2425B977BF00A191AE /* SceneDelegate.swift */; };
		5BBD9A2A25B977BF00A191AE /* MainList.storyboard in Resources */ = {isa = PBXBuildFile; fileRef = 5BBD9A2825B977BF00A191AE /* MainList.storyboard */; };
		5BBD9A2C25B977C400A191AE /* Assets.xcassets in Resources */ = {isa = PBXBuildFile; fileRef = 5BBD9A2B25B977C400A191AE /* Assets.xcassets */; };
		5BBD9A2F25B977C400A191AE /* LaunchScreen.storyboard in Resources */ = {isa = PBXBuildFile; fileRef = 5BBD9A2D25B977C400A191AE /* LaunchScreen.storyboard */; };
		5BBD9A3A25B97C6E00A191AE /* SSNavigationController.swift in Sources */ = {isa = PBXBuildFile; fileRef = 5BBD9A3925B97C6E00A191AE /* SSNavigationController.swift */; };
		5BBD9A4125B97E0F00A191AE /* SSSideBySidePushTransitionAnimator.swift in Sources */ = {isa = PBXBuildFile; fileRef = 5BBD9A4025B97E0F00A191AE /* SSSideBySidePushTransitionAnimator.swift */; };
		5BBD9A4425B97E6800A191AE /* SSSideBySidePushInteractor.swift in Sources */ = {isa = PBXBuildFile; fileRef = 5BBD9A4325B97E6800A191AE /* SSSideBySidePushInteractor.swift */; };
		5BBD9A4725B9807C00A191AE /* SSPages.swift in Sources */ = {isa = PBXBuildFile; fileRef = 5BBD9A4625B9807C00A191AE /* SSPages.swift */; };
		5BBD9A4B25B9B6E300A191AE /* SSBottomPopUpAlert.swift in Sources */ = {isa = PBXBuildFile; fileRef = 5BBD9A4A25B9B6E300A191AE /* SSBottomPopUpAlert.swift */; };
		5BBD9A4F25B9B79300A191AE /* SSConstants.swift in Sources */ = {isa = PBXBuildFile; fileRef = 5BBD9A4E25B9B79300A191AE /* SSConstants.swift */; };
		5BBD9A5A25B9D7E900A191AE /* SSMainListViewController.swift in Sources */ = {isa = PBXBuildFile; fileRef = 5BBD9A5925B9D7E900A191AE /* SSMainListViewController.swift */; };
		5BBD9A8425B9E0B500A191AE /* SSUserManager.swift in Sources */ = {isa = PBXBuildFile; fileRef = 5BBD9A8325B9E0B500A191AE /* SSUserManager.swift */; };
		5BBD9A8825B9E14000A191AE /* SSUserDefaults.swift in Sources */ = {isa = PBXBuildFile; fileRef = 5BBD9A8725B9E14000A191AE /* SSUserDefaults.swift */; };
		5BE952B025DD52B2003F1FE4 /* SSArduinoFunctionTableViewCell.xib in Resources */ = {isa = PBXBuildFile; fileRef = 5BE952AF25DD52B2003F1FE4 /* SSArduinoFunctionTableViewCell.xib */; };
		5BE952C425DD71D5003F1FE4 /* tick.gif in Resources */ = {isa = PBXBuildFile; fileRef = 5BE952C325DD71D4003F1FE4 /* tick.gif */; };
		5BE952C825DD766F003F1FE4 /* xmark.gif in Resources */ = {isa = PBXBuildFile; fileRef = 5BE952C725DD766E003F1FE4 /* xmark.gif */; };
		5BE952CC25DD78A5003F1FE4 /* SSAddArduinoTableViewCell.swift in Sources */ = {isa = PBXBuildFile; fileRef = 5BE952CB25DD78A5003F1FE4 /* SSAddArduinoTableViewCell.swift */; };
		5BF8AE3B25C16DAA0015C8C3 /* SSMainTabBarController.swift in Sources */ = {isa = PBXBuildFile; fileRef = 5BF8AE3A25C16DAA0015C8C3 /* SSMainTabBarController.swift */; };
		5BF8AE4125C172670015C8C3 /* SSExtension + String.swift in Sources */ = {isa = PBXBuildFile; fileRef = 5BF8AE4025C172670015C8C3 /* SSExtension + String.swift */; };
		5BF8AE4425C172CA0015C8C3 /* Base.strings in Resources */ = {isa = PBXBuildFile; fileRef = 5BF8AE4325C172CA0015C8C3 /* Base.strings */; };
		5BF8AE4725C173040015C8C3 /* SSExtensions + UIView.swift in Sources */ = {isa = PBXBuildFile; fileRef = 5BF8AE4625C173040015C8C3 /* SSExtensions + UIView.swift */; };
		5BF8AE4C25C177620015C8C3 /* SSArduinoTableViewCell.swift in Sources */ = {isa = PBXBuildFile; fileRef = 5BF8AE4A25C177620015C8C3 /* SSArduinoTableViewCell.swift */; };
		5BF8AE4D25C177620015C8C3 /* SSArduinoTableViewCell.xib in Resources */ = {isa = PBXBuildFile; fileRef = 5BF8AE4B25C177620015C8C3 /* SSArduinoTableViewCell.xib */; };
		73EF716D0C9580D6CDD25254 /* Pods_ArduinoController_ios.framework in Frameworks */ = {isa = PBXBuildFile; fileRef = 3CE35BEF14868591F4D46E5B /* Pods_ArduinoController_ios.framework */; };
/* End PBXBuildFile section */

/* Begin PBXFileReference section */
		3CE35BEF14868591F4D46E5B /* Pods_ArduinoController_ios.framework */ = {isa = PBXFileReference; explicitFileType = wrapper.framework; includeInIndex = 0; path = Pods_ArduinoController_ios.framework; sourceTree = BUILT_PRODUCTS_DIR; };
		5B13DFFD25C2D0C100396A7A /* Login.storyboard */ = {isa = PBXFileReference; lastKnownFileType = file.storyboard; path = Login.storyboard; sourceTree = "<group>"; };
		5B2B111425DD1B7900D82845 /* SSExtension + UITextField.swift */ = {isa = PBXFileReference; lastKnownFileType = sourcecode.swift; path = "SSExtension + UITextField.swift"; sourceTree = "<group>"; };
		5B2B111725DD251400D82845 /* SSExtension + UIButton.swift */ = {isa = PBXFileReference; lastKnownFileType = sourcecode.swift; path = "SSExtension + UIButton.swift"; sourceTree = "<group>"; };
		5B2B111C25DD29F500D82845 /* SSControlArduinoViewController.swift */ = {isa = PBXFileReference; lastKnownFileType = sourcecode.swift; path = SSControlArduinoViewController.swift; sourceTree = "<group>"; };
		5B2B111D25DD29F500D82845 /* SSControlArduinoViewController.xib */ = {isa = PBXFileReference; lastKnownFileType = file.xib; path = SSControlArduinoViewController.xib; sourceTree = "<group>"; };
		5B2B112225DD2C4F00D82845 /* SSArduinoFunctionCollectionViewCell.swift */ = {isa = PBXFileReference; lastKnownFileType = sourcecode.swift; path = SSArduinoFunctionCollectionViewCell.swift; sourceTree = "<group>"; };
		5B383D5025D9B2B900167696 /* SSSettingsTableViewCell.swift */ = {isa = PBXFileReference; lastKnownFileType = sourcecode.swift; path = SSSettingsTableViewCell.swift; sourceTree = "<group>"; };
		5B383D5125D9B2B900167696 /* SSSettingsTableViewCell.xib */ = {isa = PBXFileReference; lastKnownFileType = file.xib; path = SSSettingsTableViewCell.xib; sourceTree = "<group>"; };
		5B383D5625D9CBDF00167696 /* SSSettingsProfileTableViewCell.swift */ = {isa = PBXFileReference; lastKnownFileType = sourcecode.swift; path = SSSettingsProfileTableViewCell.swift; sourceTree = "<group>"; };
		5B383D5725D9CBDF00167696 /* SSSettingsProfileTableViewCell.xib */ = {isa = PBXFileReference; lastKnownFileType = file.xib; path = SSSettingsProfileTableViewCell.xib; sourceTree = "<group>"; };
		5B383D5D25D9D51A00167696 /* SSProfileViewController.swift */ = {isa = PBXFileReference; lastKnownFileType = sourcecode.swift; path = SSProfileViewController.swift; sourceTree = "<group>"; };
		5B383D6225D9D54500167696 /* Profile.storyboard */ = {isa = PBXFileReference; lastKnownFileType = file.storyboard; path = Profile.storyboard; sourceTree = "<group>"; };
		5B383D9A25D9EFB100167696 /* SSBottomPopUpAlert.xib */ = {isa = PBXFileReference; lastKnownFileType = file.xib; path = SSBottomPopUpAlert.xib; sourceTree = "<group>"; };
		5B62522225DD84D80058C489 /* SSPasscodeViewController.swift */ = {isa = PBXFileReference; lastKnownFileType = sourcecode.swift; path = SSPasscodeViewController.swift; sourceTree = "<group>"; };
		5B62718625D82BFE00FE913D /* SSAddArduinoTableViewCell.xib */ = {isa = PBXFileReference; lastKnownFileType = file.xib; path = SSAddArduinoTableViewCell.xib; sourceTree = "<group>"; };
		5B62718A25D82DEC00FE913D /* SSMainThemeColors.swift */ = {isa = PBXFileReference; lastKnownFileType = sourcecode.swift; path = SSMainThemeColors.swift; sourceTree = "<group>"; };
		5B835DAF25D6D7E000EBEAF3 /* SSSettingsViewController.swift */ = {isa = PBXFileReference; lastKnownFileType = sourcecode.swift; path = SSSettingsViewController.swift; sourceTree = "<group>"; };
		5B835DB225D6D7F600EBEAF3 /* Settings.storyboard */ = {isa = PBXFileReference; lastKnownFileType = file.storyboard; path = Settings.storyboard; sourceTree = "<group>"; };
		5B835DB625D6D87200EBEAF3 /* SSAboutUsViewController.swift */ = {isa = PBXFileReference; lastKnownFileType = sourcecode.swift; path = SSAboutUsViewController.swift; sourceTree = "<group>"; };
		5B835DB925D6D87D00EBEAF3 /* AboutUs.storyboard */ = {isa = PBXFileReference; lastKnownFileType = file.storyboard; path = AboutUs.storyboard; sourceTree = "<group>"; };
		5B835DBC25D6F80200EBEAF3 /* SSExtension + UIViewController.swift */ = {isa = PBXFileReference; lastKnownFileType = sourcecode.swift; path = "SSExtension + UIViewController.swift"; sourceTree = "<group>"; };
		5B835DC025D700E500EBEAF3 /* SSExtension + UITableView.swift */ = {isa = PBXFileReference; lastKnownFileType = sourcecode.swift; path = "SSExtension + UITableView.swift"; sourceTree = "<group>"; };
		5B835DC425D7EBFF00EBEAF3 /* SSMainListViewModel.swift */ = {isa = PBXFileReference; lastKnownFileType = sourcecode.swift; path = SSMainListViewModel.swift; sourceTree = "<group>"; };
		5B835DC725D7EC4300EBEAF3 /* SSArduinoModel.swift */ = {isa = PBXFileReference; lastKnownFileType = sourcecode.swift; path = SSArduinoModel.swift; sourceTree = "<group>"; };
		5B835DCC25D7EF7D00EBEAF3 /* SSNetUtil.swift */ = {isa = PBXFileReference; lastKnownFileType = sourcecode.swift; path = SSNetUtil.swift; sourceTree = "<group>"; };
		5B835DD025D7EFF600EBEAF3 /* NetworkError.swift */ = {isa = PBXFileReference; lastKnownFileType = sourcecode.swift; path = NetworkError.swift; sourceTree = "<group>"; };
		5B8511FB25DC45B400C00035 /* SSLoginViewController.swift */ = {isa = PBXFileReference; lastKnownFileType = sourcecode.swift; path = SSLoginViewController.swift; sourceTree = "<group>"; };
		5B85120B25DD15EA00C00035 /* SSAddArduinoViewController.swift */ = {isa = PBXFileReference; lastKnownFileType = sourcecode.swift; path = SSAddArduinoViewController.swift; sourceTree = "<group>"; };
		5B85120C25DD15EA00C00035 /* SSAddArduinoViewController.xib */ = {isa = PBXFileReference; lastKnownFileType = file.xib; path = SSAddArduinoViewController.xib; sourceTree = "<group>"; };
		5BBD9A1F25B977BF00A191AE /* ArduinoController-ios.app */ = {isa = PBXFileReference; explicitFileType = wrapper.application; includeInIndex = 0; path = "ArduinoController-ios.app"; sourceTree = BUILT_PRODUCTS_DIR; };
		5BBD9A2225B977BF00A191AE /* AppDelegate.swift */ = {isa = PBXFileReference; lastKnownFileType = sourcecode.swift; path = AppDelegate.swift; sourceTree = "<group>"; };
		5BBD9A2425B977BF00A191AE /* SceneDelegate.swift */ = {isa = PBXFileReference; lastKnownFileType = sourcecode.swift; path = SceneDelegate.swift; sourceTree = "<group>"; };
		5BBD9A2925B977BF00A191AE /* Base */ = {isa = PBXFileReference; lastKnownFileType = file.storyboard; name = Base; path = Base.lproj/MainList.storyboard; sourceTree = "<group>"; };
		5BBD9A2B25B977C400A191AE /* Assets.xcassets */ = {isa = PBXFileReference; lastKnownFileType = folder.assetcatalog; path = Assets.xcassets; sourceTree = "<group>"; };
		5BBD9A2E25B977C400A191AE /* Base */ = {isa = PBXFileReference; lastKnownFileType = file.storyboard; name = Base; path = Base.lproj/LaunchScreen.storyboard; sourceTree = "<group>"; };
		5BBD9A3025B977C400A191AE /* Info.plist */ = {isa = PBXFileReference; lastKnownFileType = text.plist.xml; path = Info.plist; sourceTree = "<group>"; };
		5BBD9A3925B97C6E00A191AE /* SSNavigationController.swift */ = {isa = PBXFileReference; lastKnownFileType = sourcecode.swift; path = SSNavigationController.swift; sourceTree = "<group>"; };
		5BBD9A4025B97E0F00A191AE /* SSSideBySidePushTransitionAnimator.swift */ = {isa = PBXFileReference; lastKnownFileType = sourcecode.swift; path = SSSideBySidePushTransitionAnimator.swift; sourceTree = "<group>"; };
		5BBD9A4325B97E6800A191AE /* SSSideBySidePushInteractor.swift */ = {isa = PBXFileReference; lastKnownFileType = sourcecode.swift; path = SSSideBySidePushInteractor.swift; sourceTree = "<group>"; };
		5BBD9A4625B9807C00A191AE /* SSPages.swift */ = {isa = PBXFileReference; lastKnownFileType = sourcecode.swift; path = SSPages.swift; sourceTree = "<group>"; };
		5BBD9A4A25B9B6E300A191AE /* SSBottomPopUpAlert.swift */ = {isa = PBXFileReference; lastKnownFileType = sourcecode.swift; path = SSBottomPopUpAlert.swift; sourceTree = "<group>"; };
		5BBD9A4E25B9B79300A191AE /* SSConstants.swift */ = {isa = PBXFileReference; lastKnownFileType = sourcecode.swift; path = SSConstants.swift; sourceTree = "<group>"; };
		5BBD9A5925B9D7E900A191AE /* SSMainListViewController.swift */ = {isa = PBXFileReference; lastKnownFileType = sourcecode.swift; path = SSMainListViewController.swift; sourceTree = "<group>"; };
		5BBD9A8325B9E0B500A191AE /* SSUserManager.swift */ = {isa = PBXFileReference; lastKnownFileType = sourcecode.swift; path = SSUserManager.swift; sourceTree = "<group>"; };
		5BBD9A8725B9E14000A191AE /* SSUserDefaults.swift */ = {isa = PBXFileReference; lastKnownFileType = sourcecode.swift; path = SSUserDefaults.swift; sourceTree = "<group>"; };
		5BE952AF25DD52B2003F1FE4 /* SSArduinoFunctionTableViewCell.xib */ = {isa = PBXFileReference; lastKnownFileType = file.xib; path = SSArduinoFunctionTableViewCell.xib; sourceTree = "<group>"; };
		5BE952C325DD71D4003F1FE4 /* tick.gif */ = {isa = PBXFileReference; lastKnownFileType = image.gif; path = tick.gif; sourceTree = "<group>"; };
		5BE952C725DD766E003F1FE4 /* xmark.gif */ = {isa = PBXFileReference; lastKnownFileType = image.gif; path = xmark.gif; sourceTree = "<group>"; };
		5BE952CB25DD78A5003F1FE4 /* SSAddArduinoTableViewCell.swift */ = {isa = PBXFileReference; lastKnownFileType = sourcecode.swift; path = SSAddArduinoTableViewCell.swift; sourceTree = "<group>"; };
		5BF8AE3A25C16DAA0015C8C3 /* SSMainTabBarController.swift */ = {isa = PBXFileReference; lastKnownFileType = sourcecode.swift; path = SSMainTabBarController.swift; sourceTree = "<group>"; };
		5BF8AE4025C172670015C8C3 /* SSExtension + String.swift */ = {isa = PBXFileReference; lastKnownFileType = sourcecode.swift; path = "SSExtension + String.swift"; sourceTree = "<group>"; };
		5BF8AE4325C172CA0015C8C3 /* Base.strings */ = {isa = PBXFileReference; lastKnownFileType = text.plist.strings; path = Base.strings; sourceTree = "<group>"; };
		5BF8AE4625C173040015C8C3 /* SSExtensions + UIView.swift */ = {isa = PBXFileReference; lastKnownFileType = sourcecode.swift; path = "SSExtensions + UIView.swift"; sourceTree = "<group>"; };
		5BF8AE4A25C177620015C8C3 /* SSArduinoTableViewCell.swift */ = {isa = PBXFileReference; lastKnownFileType = sourcecode.swift; path = SSArduinoTableViewCell.swift; sourceTree = "<group>"; };
		5BF8AE4B25C177620015C8C3 /* SSArduinoTableViewCell.xib */ = {isa = PBXFileReference; lastKnownFileType = file.xib; path = SSArduinoTableViewCell.xib; sourceTree = "<group>"; };
		9F035AD06535A2BE2C95B9D7 /* Pods-ArduinoController-ios.debug.xcconfig */ = {isa = PBXFileReference; includeInIndex = 1; lastKnownFileType = text.xcconfig; name = "Pods-ArduinoController-ios.debug.xcconfig"; path = "Target Support Files/Pods-ArduinoController-ios/Pods-ArduinoController-ios.debug.xcconfig"; sourceTree = "<group>"; };
		C196BE6131B6C781223E55FA /* Pods-ArduinoController-ios.release.xcconfig */ = {isa = PBXFileReference; includeInIndex = 1; lastKnownFileType = text.xcconfig; name = "Pods-ArduinoController-ios.release.xcconfig"; path = "Target Support Files/Pods-ArduinoController-ios/Pods-ArduinoController-ios.release.xcconfig"; sourceTree = "<group>"; };
/* End PBXFileReference section */

/* Begin PBXFrameworksBuildPhase section */
		5BBD9A1C25B977BF00A191AE /* Frameworks */ = {
			isa = PBXFrameworksBuildPhase;
			buildActionMask = 2147483647;
			files = (
				73EF716D0C9580D6CDD25254 /* Pods_ArduinoController_ios.framework in Frameworks */,
			);
			runOnlyForDeploymentPostprocessing = 0;
		};
/* End PBXFrameworksBuildPhase section */

/* Begin PBXGroup section */
		117C8DA2014C185FE578B681 /* Pods */ = {
			isa = PBXGroup;
			children = (
				9F035AD06535A2BE2C95B9D7 /* Pods-ArduinoController-ios.debug.xcconfig */,
				C196BE6131B6C781223E55FA /* Pods-ArduinoController-ios.release.xcconfig */,
			);
			path = Pods;
			sourceTree = "<group>";
		};
		5B13DFFC25C2D0AF00396A7A /* Login */ = {
			isa = PBXGroup;
			children = (
				5B13DFFD25C2D0C100396A7A /* Login.storyboard */,
				5B8511FB25DC45B400C00035 /* SSLoginViewController.swift */,
			);
			path = Login;
			sourceTree = "<group>";
		};
		5B2B111A25DD26F800D82845 /* Control Arduino */ = {
			isa = PBXGroup;
			children = (
				5B2B112125DD2C3300D82845 /* SSArduinoFunctionCollectionCell */,
				5B2B111C25DD29F500D82845 /* SSControlArduinoViewController.swift */,
				5B2B111D25DD29F500D82845 /* SSControlArduinoViewController.xib */,
			);
			path = "Control Arduino";
			sourceTree = "<group>";
		};
		5B2B112125DD2C3300D82845 /* SSArduinoFunctionCollectionCell */ = {
			isa = PBXGroup;
			children = (
				5B2B112225DD2C4F00D82845 /* SSArduinoFunctionCollectionViewCell.swift */,
				5BE952AF25DD52B2003F1FE4 /* SSArduinoFunctionTableViewCell.xib */,
			);
			path = SSArduinoFunctionCollectionCell;
			sourceTree = "<group>";
		};
		5B383D4F25D9B29100167696 /* SettingsTableViewCell */ = {
			isa = PBXGroup;
			children = (
				5B383D5025D9B2B900167696 /* SSSettingsTableViewCell.swift */,
				5B383D5125D9B2B900167696 /* SSSettingsTableViewCell.xib */,
				5B383D5625D9CBDF00167696 /* SSSettingsProfileTableViewCell.swift */,
				5B383D5725D9CBDF00167696 /* SSSettingsProfileTableViewCell.xib */,
			);
			path = SettingsTableViewCell;
			sourceTree = "<group>";
		};
		5B383D5B25D9D42400167696 /* Profile */ = {
			isa = PBXGroup;
			children = (
				5B383D5D25D9D51A00167696 /* SSProfileViewController.swift */,
				5B383D6225D9D54500167696 /* Profile.storyboard */,
			);
			path = Profile;
			sourceTree = "<group>";
		};
		5B383D9925D9EF9B00167696 /* popup */ = {
			isa = PBXGroup;
			children = (
				5B383D9A25D9EFB100167696 /* SSBottomPopUpAlert.xib */,
				5BBD9A4A25B9B6E300A191AE /* SSBottomPopUpAlert.swift */,
			);
			path = popup;
			sourceTree = "<group>";
		};
		5B62522025DD83DF0058C489 /* Resources */ = {
			isa = PBXGroup;
			children = (
				5BE952C325DD71D4003F1FE4 /* tick.gif */,
				5BE952C725DD766E003F1FE4 /* xmark.gif */,
			);
			path = Resources;
			sourceTree = "<group>";
		};
		5B62522125DD84B80058C489 /* Authentication */ = {
			isa = PBXGroup;
			children = (
				5B62522225DD84D80058C489 /* SSPasscodeViewController.swift */,
			);
			path = Authentication;
			sourceTree = "<group>";
		};
		5B62718925D82DDF00FE913D /* Theme */ = {
			isa = PBXGroup;
			children = (
				5B62718A25D82DEC00FE913D /* SSMainThemeColors.swift */,
			);
			path = Theme;
			sourceTree = "<group>";
		};
		5B835DAC25D6D7BE00EBEAF3 /* Settings */ = {
			isa = PBXGroup;
			children = (
				5B383D5B25D9D42400167696 /* Profile */,
				5B383D4F25D9B29100167696 /* SettingsTableViewCell */,
				5B835DAF25D6D7E000EBEAF3 /* SSSettingsViewController.swift */,
				5B835DB225D6D7F600EBEAF3 /* Settings.storyboard */,
			);
			path = Settings;
			sourceTree = "<group>";
		};
		5B835DAE25D6D7C900EBEAF3 /* AboutUs */ = {
			isa = PBXGroup;
			children = (
				5B835DB625D6D87200EBEAF3 /* SSAboutUsViewController.swift */,
				5B835DB925D6D87D00EBEAF3 /* AboutUs.storyboard */,
			);
			path = AboutUs;
			sourceTree = "<group>";
		};
		5B835DCA25D7ECBA00EBEAF3 /* Network */ = {
			isa = PBXGroup;
			children = (
				5B835DCC25D7EF7D00EBEAF3 /* SSNetUtil.swift */,
				5B835DD025D7EFF600EBEAF3 /* NetworkError.swift */,
			);
			path = Network;
			sourceTree = "<group>";
		};
		5B85120225DC972F00C00035 /* Models */ = {
			isa = PBXGroup;
			children = (
				5B835DC725D7EC4300EBEAF3 /* SSArduinoModel.swift */,
			);
			path = Models;
			sourceTree = "<group>";
		};
		5B85120925DD15B700C00035 /* Arduino Pages */ = {
			isa = PBXGroup;
			children = (
				5B2B111A25DD26F800D82845 /* Control Arduino */,
				5B85120A25DD15CE00C00035 /* Add Arduino */,
			);
			path = "Arduino Pages";
			sourceTree = "<group>";
		};
		5B85120A25DD15CE00C00035 /* Add Arduino */ = {
			isa = PBXGroup;
			children = (
				5B85120B25DD15EA00C00035 /* SSAddArduinoViewController.swift */,
				5B85120C25DD15EA00C00035 /* SSAddArduinoViewController.xib */,
			);
			path = "Add Arduino";
			sourceTree = "<group>";
		};
		5BBD9A1625B977BE00A191AE = {
			isa = PBXGroup;
			children = (
				5BBD9A2125B977BF00A191AE /* ArduinoController-ios */,
				5B62522025DD83DF0058C489 /* Resources */,
				5BBD9A2025B977BF00A191AE /* Products */,
				117C8DA2014C185FE578B681 /* Pods */,
				8B38D9756E38AC659B24007A /* Frameworks */,
			);
			sourceTree = "<group>";
		};
		5BBD9A2025B977BF00A191AE /* Products */ = {
			isa = PBXGroup;
			children = (
				5BBD9A1F25B977BF00A191AE /* ArduinoController-ios.app */,
			);
			name = Products;
			sourceTree = "<group>";
		};
		5BBD9A2125B977BF00A191AE /* ArduinoController-ios */ = {
			isa = PBXGroup;
			children = (
				5B85120225DC972F00C00035 /* Models */,
				5BBD9A3725B97C3D00A191AE /* Modules */,
				5BBD9A2225B977BF00A191AE /* AppDelegate.swift */,
				5BBD9A2425B977BF00A191AE /* SceneDelegate.swift */,
				5BBD9A2B25B977C400A191AE /* Assets.xcassets */,
				5BBD9A2D25B977C400A191AE /* LaunchScreen.storyboard */,
				5BBD9A3025B977C400A191AE /* Info.plist */,
				5BBD9A4E25B9B79300A191AE /* SSConstants.swift */,
				5BF8AE4325C172CA0015C8C3 /* Base.strings */,
			);
			path = "ArduinoController-ios";
			sourceTree = "<group>";
		};
		5BBD9A3725B97C3D00A191AE /* Modules */ = {
			isa = PBXGroup;
			children = (
				5B62522125DD84B80058C489 /* Authentication */,
				5B85120925DD15B700C00035 /* Arduino Pages */,
				5B835DAE25D6D7C900EBEAF3 /* AboutUs */,
				5B835DAC25D6D7BE00EBEAF3 /* Settings */,
				5B13DFFC25C2D0AF00396A7A /* Login */,
				5BBD9A8225B9E0A700A191AE /* Utils */,
				5BBD9A5825B9D7DB00A191AE /* MainList */,
				5BBD9A3825B97C4400A191AE /* Navigation */,
			);
			path = Modules;
			sourceTree = "<group>";
		};
		5BBD9A3825B97C4400A191AE /* Navigation */ = {
			isa = PBXGroup;
			children = (
				5B383D9925D9EF9B00167696 /* popup */,
				5BBD9A3925B97C6E00A191AE /* SSNavigationController.swift */,
				5BBD9A4025B97E0F00A191AE /* SSSideBySidePushTransitionAnimator.swift */,
				5BBD9A4325B97E6800A191AE /* SSSideBySidePushInteractor.swift */,
				5BBD9A4625B9807C00A191AE /* SSPages.swift */,
				5BF8AE3A25C16DAA0015C8C3 /* SSMainTabBarController.swift */,
			);
			path = Navigation;
			sourceTree = "<group>";
		};
		5BBD9A5825B9D7DB00A191AE /* MainList */ = {
			isa = PBXGroup;
			children = (
				5BF8AE4925C177270015C8C3 /* mainListCell */,
				5BBD9A2825B977BF00A191AE /* MainList.storyboard */,
				5BBD9A5925B9D7E900A191AE /* SSMainListViewController.swift */,
				5B835DC425D7EBFF00EBEAF3 /* SSMainListViewModel.swift */,
			);
			path = MainList;
			sourceTree = "<group>";
		};
		5BBD9A8225B9E0A700A191AE /* Utils */ = {
			isa = PBXGroup;
			children = (
				5B62718925D82DDF00FE913D /* Theme */,
				5B835DCA25D7ECBA00EBEAF3 /* Network */,
				5BF8AE3F25C172570015C8C3 /* Extensions */,
				5BBD9A8325B9E0B500A191AE /* SSUserManager.swift */,
				5BBD9A8725B9E14000A191AE /* SSUserDefaults.swift */,
			);
			path = Utils;
			sourceTree = "<group>";
		};
		5BF8AE3F25C172570015C8C3 /* Extensions */ = {
			isa = PBXGroup;
			children = (
				5BF8AE4025C172670015C8C3 /* SSExtension + String.swift */,
				5BF8AE4625C173040015C8C3 /* SSExtensions + UIView.swift */,
				5B835DBC25D6F80200EBEAF3 /* SSExtension + UIViewController.swift */,
				5B835DC025D700E500EBEAF3 /* SSExtension + UITableView.swift */,
				5B2B111425DD1B7900D82845 /* SSExtension + UITextField.swift */,
				5B2B111725DD251400D82845 /* SSExtension + UIButton.swift */,
			);
			path = Extensions;
			sourceTree = "<group>";
		};
		5BF8AE4925C177270015C8C3 /* mainListCell */ = {
			isa = PBXGroup;
			children = (
				5BF8AE4A25C177620015C8C3 /* SSArduinoTableViewCell.swift */,
				5BF8AE4B25C177620015C8C3 /* SSArduinoTableViewCell.xib */,
				5B62718625D82BFE00FE913D /* SSAddArduinoTableViewCell.xib */,
				5BE952CB25DD78A5003F1FE4 /* SSAddArduinoTableViewCell.swift */,
			);
			path = mainListCell;
			sourceTree = "<group>";
		};
		8B38D9756E38AC659B24007A /* Frameworks */ = {
			isa = PBXGroup;
			children = (
				3CE35BEF14868591F4D46E5B /* Pods_ArduinoController_ios.framework */,
			);
			name = Frameworks;
			sourceTree = "<group>";
		};
/* End PBXGroup section */

/* Begin PBXNativeTarget section */
		5BBD9A1E25B977BF00A191AE /* ArduinoController-ios */ = {
			isa = PBXNativeTarget;
			buildConfigurationList = 5BBD9A3325B977C400A191AE /* Build configuration list for PBXNativeTarget "ArduinoController-ios" */;
			buildPhases = (
				05975998C90BAE88CE5B97D6 /* [CP] Check Pods Manifest.lock */,
				5BBD9A1B25B977BF00A191AE /* Sources */,
				5BBD9A1C25B977BF00A191AE /* Frameworks */,
				5BBD9A1D25B977BF00A191AE /* Resources */,
				07DE2FD35841A110F293BE2D /* [CP] Embed Pods Frameworks */,
			);
			buildRules = (
			);
			dependencies = (
			);
			name = "ArduinoController-ios";
			productName = "AurdinoController-ios";
			productReference = 5BBD9A1F25B977BF00A191AE /* ArduinoController-ios.app */;
			productType = "com.apple.product-type.application";
		};
/* End PBXNativeTarget section */

/* Begin PBXProject section */
		5BBD9A1725B977BE00A191AE /* Project object */ = {
			isa = PBXProject;
			attributes = {
				LastSwiftUpdateCheck = 1230;
				LastUpgradeCheck = 1230;
				TargetAttributes = {
					5BBD9A1E25B977BF00A191AE = {
						CreatedOnToolsVersion = 12.3;
					};
				};
			};
			buildConfigurationList = 5BBD9A1A25B977BE00A191AE /* Build configuration list for PBXProject "ArduinoController-ios" */;
			compatibilityVersion = "Xcode 9.3";
			developmentRegion = en;
			hasScannedForEncodings = 0;
			knownRegions = (
				en,
				Base,
			);
			mainGroup = 5BBD9A1625B977BE00A191AE;
			productRefGroup = 5BBD9A2025B977BF00A191AE /* Products */;
			projectDirPath = "";
			projectRoot = "";
			targets = (
				5BBD9A1E25B977BF00A191AE /* ArduinoController-ios */,
			);
		};
/* End PBXProject section */

/* Begin PBXResourcesBuildPhase section */
		5BBD9A1D25B977BF00A191AE /* Resources */ = {
			isa = PBXResourcesBuildPhase;
			buildActionMask = 2147483647;
			files = (
				5B383D5325D9B2B900167696 /* SSSettingsTableViewCell.xib in Resources */,
				5BBD9A2F25B977C400A191AE /* LaunchScreen.storyboard in Resources */,
				5BBD9A2C25B977C400A191AE /* Assets.xcassets in Resources */,
				5B13DFFE25C2D0C100396A7A /* Login.storyboard in Resources */,
				5BE952B025DD52B2003F1FE4 /* SSArduinoFunctionTableViewCell.xib in Resources */,
				5B62718725D82BFE00FE913D /* SSAddArduinoTableViewCell.xib in Resources */,
				5BF8AE4D25C177620015C8C3 /* SSArduinoTableViewCell.xib in Resources */,
				5B383D6325D9D54500167696 /* Profile.storyboard in Resources */,
				5B835DBA25D6D87D00EBEAF3 /* AboutUs.storyboard in Resources */,
				5BE952C425DD71D5003F1FE4 /* tick.gif in Resources */,
				5BBD9A2A25B977BF00A191AE /* MainList.storyboard in Resources */,
				5BF8AE4425C172CA0015C8C3 /* Base.strings in Resources */,
				5B2B111F25DD29F500D82845 /* SSControlArduinoViewController.xib in Resources */,
				5B383D5925D9CBDF00167696 /* SSSettingsProfileTableViewCell.xib in Resources */,
				5B383D9C25D9F07A00167696 /* SSBottomPopUpAlert.xib in Resources */,
				5B835DB325D6D7F600EBEAF3 /* Settings.storyboard in Resources */,
				5BE952C825DD766F003F1FE4 /* xmark.gif in Resources */,
				5B85120E25DD15EA00C00035 /* SSAddArduinoViewController.xib in Resources */,
			);
			runOnlyForDeploymentPostprocessing = 0;
		};
/* End PBXResourcesBuildPhase section */

/* Begin PBXShellScriptBuildPhase section */
		05975998C90BAE88CE5B97D6 /* [CP] Check Pods Manifest.lock */ = {
			isa = PBXShellScriptBuildPhase;
			buildActionMask = 2147483647;
			files = (
			);
			inputFileListPaths = (
			);
			inputPaths = (
				"${PODS_PODFILE_DIR_PATH}/Podfile.lock",
				"${PODS_ROOT}/Manifest.lock",
			);
			name = "[CP] Check Pods Manifest.lock";
			outputFileListPaths = (
			);
			outputPaths = (
				"$(DERIVED_FILE_DIR)/Pods-ArduinoController-ios-checkManifestLockResult.txt",
			);
			runOnlyForDeploymentPostprocessing = 0;
			shellPath = /bin/sh;
			shellScript = "diff \"${PODS_PODFILE_DIR_PATH}/Podfile.lock\" \"${PODS_ROOT}/Manifest.lock\" > /dev/null\nif [ $? != 0 ] ; then\n    # print error to STDERR\n    echo \"error: The sandbox is not in sync with the Podfile.lock. Run 'pod install' or update your CocoaPods installation.\" >&2\n    exit 1\nfi\n# This output is used by Xcode 'outputs' to avoid re-running this script phase.\necho \"SUCCESS\" > \"${SCRIPT_OUTPUT_FILE_0}\"\n";
			showEnvVarsInLog = 0;
		};
		07DE2FD35841A110F293BE2D /* [CP] Embed Pods Frameworks */ = {
			isa = PBXShellScriptBuildPhase;
			buildActionMask = 2147483647;
			files = (
			);
			inputFileListPaths = (
				"${PODS_ROOT}/Target Support Files/Pods-ArduinoController-ios/Pods-ArduinoController-ios-frameworks-${CONFIGURATION}-input-files.xcfilelist",
			);
			name = "[CP] Embed Pods Frameworks";
			outputFileListPaths = (
				"${PODS_ROOT}/Target Support Files/Pods-ArduinoController-ios/Pods-ArduinoController-ios-frameworks-${CONFIGURATION}-output-files.xcfilelist",
			);
			runOnlyForDeploymentPostprocessing = 0;
			shellPath = /bin/sh;
			shellScript = "\"${PODS_ROOT}/Target Support Files/Pods-ArduinoController-ios/Pods-ArduinoController-ios-frameworks.sh\"\n";
			showEnvVarsInLog = 0;
		};
/* End PBXShellScriptBuildPhase section */

/* Begin PBXSourcesBuildPhase section */
		5BBD9A1B25B977BF00A191AE /* Sources */ = {
			isa = PBXSourcesBuildPhase;
			buildActionMask = 2147483647;
			files = (
				5B8511FC25DC45B400C00035 /* SSLoginViewController.swift in Sources */,
				5BBD9A8825B9E14000A191AE /* SSUserDefaults.swift in Sources */,
				5B835DD125D7EFF600EBEAF3 /* NetworkError.swift in Sources */,
				5BF8AE4725C173040015C8C3 /* SSExtensions + UIView.swift in Sources */,
				5B835DB725D6D87200EBEAF3 /* SSAboutUsViewController.swift in Sources */,
				5BF8AE4C25C177620015C8C3 /* SSArduinoTableViewCell.swift in Sources */,
				5B835DC825D7EC4300EBEAF3 /* SSArduinoModel.swift in Sources */,
				5B2B111E25DD29F500D82845 /* SSControlArduinoViewController.swift in Sources */,
				5B2B111825DD251400D82845 /* SSExtension + UIButton.swift in Sources */,
				5BBD9A4425B97E6800A191AE /* SSSideBySidePushInteractor.swift in Sources */,
				5B835DC125D700E500EBEAF3 /* SSExtension + UITableView.swift in Sources */,
				5BBD9A4725B9807C00A191AE /* SSPages.swift in Sources */,
				5BBD9A5A25B9D7E900A191AE /* SSMainListViewController.swift in Sources */,
				5BBD9A4F25B9B79300A191AE /* SSConstants.swift in Sources */,
				5BBD9A3A25B97C6E00A191AE /* SSNavigationController.swift in Sources */,
				5BBD9A2325B977BF00A191AE /* AppDelegate.swift in Sources */,
				5BE952CC25DD78A5003F1FE4 /* SSAddArduinoTableViewCell.swift in Sources */,
				5B62522325DD84D80058C489 /* SSPasscodeViewController.swift in Sources */,
				5B835DBD25D6F80200EBEAF3 /* SSExtension + UIViewController.swift in Sources */,
				5B2B111525DD1B7900D82845 /* SSExtension + UITextField.swift in Sources */,
				5B383D5F25D9D51A00167696 /* SSProfileViewController.swift in Sources */,
				5B383D5225D9B2B900167696 /* SSSettingsTableViewCell.swift in Sources */,
				5B62718B25D82DEC00FE913D /* SSMainThemeColors.swift in Sources */,
				5BBD9A2525B977BF00A191AE /* SceneDelegate.swift in Sources */,
				5BF8AE3B25C16DAA0015C8C3 /* SSMainTabBarController.swift in Sources */,
				5BBD9A4125B97E0F00A191AE /* SSSideBySidePushTransitionAnimator.swift in Sources */,
				5B835DB025D6D7E000EBEAF3 /* SSSettingsViewController.swift in Sources */,
				5BBD9A8425B9E0B500A191AE /* SSUserManager.swift in Sources */,
				5B383D5825D9CBDF00167696 /* SSSettingsProfileTableViewCell.swift in Sources */,
				5B85120D25DD15EA00C00035 /* SSAddArduinoViewController.swift in Sources */,
				5B835DC525D7EBFF00EBEAF3 /* SSMainListViewModel.swift in Sources */,
				5BF8AE4125C172670015C8C3 /* SSExtension + String.swift in Sources */,
				5BBD9A4B25B9B6E300A191AE /* SSBottomPopUpAlert.swift in Sources */,
				5B835DCD25D7EF7D00EBEAF3 /* SSNetUtil.swift in Sources */,
				5B2B112425DD2C4F00D82845 /* SSArduinoFunctionCollectionViewCell.swift in Sources */,
			);
			runOnlyForDeploymentPostprocessing = 0;
		};
/* End PBXSourcesBuildPhase section */

/* Begin PBXVariantGroup section */
		5BBD9A2825B977BF00A191AE /* MainList.storyboard */ = {
			isa = PBXVariantGroup;
			children = (
				5BBD9A2925B977BF00A191AE /* Base */,
			);
			name = MainList.storyboard;
			sourceTree = "<group>";
		};
		5BBD9A2D25B977C400A191AE /* LaunchScreen.storyboard */ = {
			isa = PBXVariantGroup;
			children = (
				5BBD9A2E25B977C400A191AE /* Base */,
			);
			name = LaunchScreen.storyboard;
			sourceTree = "<group>";
		};
/* End PBXVariantGroup section */

/* Begin XCBuildConfiguration section */
		5BBD9A3125B977C400A191AE /* Debug */ = {
			isa = XCBuildConfiguration;
			buildSettings = {
				ALWAYS_SEARCH_USER_PATHS = NO;
				CLANG_ANALYZER_NONNULL = YES;
				CLANG_ANALYZER_NUMBER_OBJECT_CONVERSION = YES_AGGRESSIVE;
				CLANG_CXX_LANGUAGE_STANDARD = "gnu++14";
				CLANG_CXX_LIBRARY = "libc++";
				CLANG_ENABLE_MODULES = YES;
				CLANG_ENABLE_OBJC_ARC = YES;
				CLANG_ENABLE_OBJC_WEAK = YES;
				CLANG_WARN_BLOCK_CAPTURE_AUTORELEASING = YES;
				CLANG_WARN_BOOL_CONVERSION = YES;
				CLANG_WARN_COMMA = YES;
				CLANG_WARN_CONSTANT_CONVERSION = YES;
				CLANG_WARN_DEPRECATED_OBJC_IMPLEMENTATIONS = YES;
				CLANG_WARN_DIRECT_OBJC_ISA_USAGE = YES_ERROR;
				CLANG_WARN_DOCUMENTATION_COMMENTS = YES;
				CLANG_WARN_EMPTY_BODY = YES;
				CLANG_WARN_ENUM_CONVERSION = YES;
				CLANG_WARN_INFINITE_RECURSION = YES;
				CLANG_WARN_INT_CONVERSION = YES;
				CLANG_WARN_NON_LITERAL_NULL_CONVERSION = YES;
				CLANG_WARN_OBJC_IMPLICIT_RETAIN_SELF = YES;
				CLANG_WARN_OBJC_LITERAL_CONVERSION = YES;
				CLANG_WARN_OBJC_ROOT_CLASS = YES_ERROR;
				CLANG_WARN_QUOTED_INCLUDE_IN_FRAMEWORK_HEADER = YES;
				CLANG_WARN_RANGE_LOOP_ANALYSIS = YES;
				CLANG_WARN_STRICT_PROTOTYPES = YES;
				CLANG_WARN_SUSPICIOUS_MOVE = YES;
				CLANG_WARN_UNGUARDED_AVAILABILITY = YES_AGGRESSIVE;
				CLANG_WARN_UNREACHABLE_CODE = YES;
				CLANG_WARN__DUPLICATE_METHOD_MATCH = YES;
				COPY_PHASE_STRIP = NO;
				DEBUG_INFORMATION_FORMAT = dwarf;
				ENABLE_STRICT_OBJC_MSGSEND = YES;
				ENABLE_TESTABILITY = YES;
				GCC_C_LANGUAGE_STANDARD = gnu11;
				GCC_DYNAMIC_NO_PIC = NO;
				GCC_NO_COMMON_BLOCKS = YES;
				GCC_OPTIMIZATION_LEVEL = 0;
				GCC_PREPROCESSOR_DEFINITIONS = (
					"DEBUG=1",
					"$(inherited)",
				);
				GCC_WARN_64_TO_32_BIT_CONVERSION = YES;
				GCC_WARN_ABOUT_RETURN_TYPE = YES_ERROR;
				GCC_WARN_UNDECLARED_SELECTOR = YES;
				GCC_WARN_UNINITIALIZED_AUTOS = YES_AGGRESSIVE;
				GCC_WARN_UNUSED_FUNCTION = YES;
				GCC_WARN_UNUSED_VARIABLE = YES;
				IPHONEOS_DEPLOYMENT_TARGET = 13.0;
				MTL_ENABLE_DEBUG_INFO = INCLUDE_SOURCE;
				MTL_FAST_MATH = YES;
				ONLY_ACTIVE_ARCH = YES;
				SDKROOT = iphoneos;
				SWIFT_ACTIVE_COMPILATION_CONDITIONS = DEBUG;
				SWIFT_OPTIMIZATION_LEVEL = "-Onone";
			};
			name = Debug;
		};
		5BBD9A3225B977C400A191AE /* Release */ = {
			isa = XCBuildConfiguration;
			buildSettings = {
				ALWAYS_SEARCH_USER_PATHS = NO;
				CLANG_ANALYZER_NONNULL = YES;
				CLANG_ANALYZER_NUMBER_OBJECT_CONVERSION = YES_AGGRESSIVE;
				CLANG_CXX_LANGUAGE_STANDARD = "gnu++14";
				CLANG_CXX_LIBRARY = "libc++";
				CLANG_ENABLE_MODULES = YES;
				CLANG_ENABLE_OBJC_ARC = YES;
				CLANG_ENABLE_OBJC_WEAK = YES;
				CLANG_WARN_BLOCK_CAPTURE_AUTORELEASING = YES;
				CLANG_WARN_BOOL_CONVERSION = YES;
				CLANG_WARN_COMMA = YES;
				CLANG_WARN_CONSTANT_CONVERSION = YES;
				CLANG_WARN_DEPRECATED_OBJC_IMPLEMENTATIONS = YES;
				CLANG_WARN_DIRECT_OBJC_ISA_USAGE = YES_ERROR;
				CLANG_WARN_DOCUMENTATION_COMMENTS = YES;
				CLANG_WARN_EMPTY_BODY = YES;
				CLANG_WARN_ENUM_CONVERSION = YES;
				CLANG_WARN_INFINITE_RECURSION = YES;
				CLANG_WARN_INT_CONVERSION = YES;
				CLANG_WARN_NON_LITERAL_NULL_CONVERSION = YES;
				CLANG_WARN_OBJC_IMPLICIT_RETAIN_SELF = YES;
				CLANG_WARN_OBJC_LITERAL_CONVERSION = YES;
				CLANG_WARN_OBJC_ROOT_CLASS = YES_ERROR;
				CLANG_WARN_QUOTED_INCLUDE_IN_FRAMEWORK_HEADER = YES;
				CLANG_WARN_RANGE_LOOP_ANALYSIS = YES;
				CLANG_WARN_STRICT_PROTOTYPES = YES;
				CLANG_WARN_SUSPICIOUS_MOVE = YES;
				CLANG_WARN_UNGUARDED_AVAILABILITY = YES_AGGRESSIVE;
				CLANG_WARN_UNREACHABLE_CODE = YES;
				CLANG_WARN__DUPLICATE_METHOD_MATCH = YES;
				COPY_PHASE_STRIP = NO;
				DEBUG_INFORMATION_FORMAT = "dwarf-with-dsym";
				ENABLE_NS_ASSERTIONS = NO;
				ENABLE_STRICT_OBJC_MSGSEND = YES;
				GCC_C_LANGUAGE_STANDARD = gnu11;
				GCC_NO_COMMON_BLOCKS = YES;
				GCC_WARN_64_TO_32_BIT_CONVERSION = YES;
				GCC_WARN_ABOUT_RETURN_TYPE = YES_ERROR;
				GCC_WARN_UNDECLARED_SELECTOR = YES;
				GCC_WARN_UNINITIALIZED_AUTOS = YES_AGGRESSIVE;
				GCC_WARN_UNUSED_FUNCTION = YES;
				GCC_WARN_UNUSED_VARIABLE = YES;
				IPHONEOS_DEPLOYMENT_TARGET = 13.0;
				MTL_ENABLE_DEBUG_INFO = NO;
				MTL_FAST_MATH = YES;
				SDKROOT = iphoneos;
				SWIFT_COMPILATION_MODE = wholemodule;
				SWIFT_OPTIMIZATION_LEVEL = "-O";
				VALIDATE_PRODUCT = YES;
			};
			name = Release;
		};
		5BBD9A3425B977C400A191AE /* Debug */ = {
			isa = XCBuildConfiguration;
			baseConfigurationReference = 9F035AD06535A2BE2C95B9D7 /* Pods-ArduinoController-ios.debug.xcconfig */;
			buildSettings = {
				ASSETCATALOG_COMPILER_APPICON_NAME = AppIcon;
				ASSETCATALOG_COMPILER_GLOBAL_ACCENT_COLOR_NAME = AccentColor;
				CODE_SIGN_STYLE = Automatic;
				DEVELOPMENT_TEAM = HPWS726989;
				INFOPLIST_FILE = "ArduinoController-ios/Info.plist";
				LD_RUNPATH_SEARCH_PATHS = (
					"$(inherited)",
					"@executable_path/Frameworks",
				);
				MARKETING_VERSION = 1.1;
				PRODUCT_BUNDLE_IDENTIFIER = "com.saadat.saee.ArduinoController-ios";
				PRODUCT_NAME = "$(TARGET_NAME)";
				SWIFT_VERSION = 5.0;
				TARGETED_DEVICE_FAMILY = 1;
			};
			name = Debug;
		};
		5BBD9A3525B977C400A191AE /* Release */ = {
			isa = XCBuildConfiguration;
			baseConfigurationReference = C196BE6131B6C781223E55FA /* Pods-ArduinoController-ios.release.xcconfig */;
			buildSettings = {
				ASSETCATALOG_COMPILER_APPICON_NAME = AppIcon;
				ASSETCATALOG_COMPILER_GLOBAL_ACCENT_COLOR_NAME = AccentColor;
				CODE_SIGN_STYLE = Automatic;
				DEVELOPMENT_TEAM = HPWS726989;
				INFOPLIST_FILE = "ArduinoController-ios/Info.plist";
				LD_RUNPATH_SEARCH_PATHS = (
					"$(inherited)",
					"@executable_path/Frameworks",
				);
				MARKETING_VERSION = 1.1;
				PRODUCT_BUNDLE_IDENTIFIER = "com.saadat.saee.ArduinoController-ios";
				PRODUCT_NAME = "$(TARGET_NAME)";
				SWIFT_VERSION = 5.0;
				TARGETED_DEVICE_FAMILY = 1;
			};
			name = Release;
		};
/* End XCBuildConfiguration section */

/* Begin XCConfigurationList section */
		5BBD9A1A25B977BE00A191AE /* Build configuration list for PBXProject "ArduinoController-ios" */ = {
			isa = XCConfigurationList;
			buildConfigurations = (
				5BBD9A3125B977C400A191AE /* Debug */,
				5BBD9A3225B977C400A191AE /* Release */,
			);
			defaultConfigurationIsVisible = 0;
			defaultConfigurationName = Release;
		};
		5BBD9A3325B977C400A191AE /* Build configuration list for PBXNativeTarget "ArduinoController-ios" */ = {
			isa = XCConfigurationList;
			buildConfigurations = (
				5BBD9A3425B977C400A191AE /* Debug */,
				5BBD9A3525B977C400A191AE /* Release */,
			);
			defaultConfigurationIsVisible = 0;
			defaultConfigurationName = Release;
		};
/* End XCConfigurationList section */
	};
	rootObject = 5BBD9A1725B977BE00A191AE /* Project object */;
}
